
Microsoft Visual Studio Solution File, Format Version 12.00
# Visual Studio 15
VisualStudioVersion = 15.0.27130.2036
MinimumVisualStudioVersion = 10.0.40219.1
Project("{FAE04EC0-301F-11D3-BF4B-00C04F79EFBC}") = "project1", "project1\project1.csproj", "{A37889BF-773D-4BA9-BB50-1935A3D8CD78}"
EndProject
Global
	GlobalSection(SolutionConfigurationPlatforms) = preSolution
		Debug|Any CPU = Debug|Any CPU
		Release|Any CPU = Release|Any CPU
	EndGlobalSection
	GlobalSection(ProjectConfigurationPlatforms) = postSolution
		{A37889BF-773D-4BA9-BB50-1935A3D8CD78}.Debug|Any CPU.ActiveCfg = Debug|Any CPU
		{A37889BF-773D-4BA9-BB50-1935A3D8CD78}.Debug|Any CPU.Build.0 = Debug|Any CPU
		{A37889BF-773D-4BA9-BB50-1935A3D8CD78}.Release|Any CPU.ActiveCfg = Release|Any CPU
		{A37889BF-773D-4BA9-BB50-1935A3D8CD78}.Release|Any CPU.Build.0 = Release|Any CPU
	EndGlobalSection
	GlobalSection(SolutionProperties) = preSolution
		HideSolutionNode = FALSE
	EndGlobalSection
	GlobalSection(ExtensibilityGlobals) = postSolution
		SolutionGuid = {FCF1E580-6538-4B0C-AAF6-3CAFC523B786}
	EndGlobalSection
EndGlobal
