
Microsoft Visual Studio Solution File, Format Version 12.00
# Visual Studio 15
VisualStudioVersion = 15.0.27130.2036
MinimumVisualStudioVersion = 10.0.40219.1
Project("{FAE04EC0-301F-11D3-BF4B-00C04F79EFBC}") = "assignment1", "assignment1\assignment1.csproj", "{713D5D13-437E-48E4-B423-0D9BDFB9AE09}"
EndProject
Global
	GlobalSection(SolutionConfigurationPlatforms) = preSolution
		Debug|Any CPU = Debug|Any CPU
		Release|Any CPU = Release|Any CPU
	EndGlobalSection
	GlobalSection(ProjectConfigurationPlatforms) = postSolution
		{713D5D13-437E-48E4-B423-0D9BDFB9AE09}.Debug|Any CPU.ActiveCfg = Debug|Any CPU
		{713D5D13-437E-48E4-B423-0D9BDFB9AE09}.Debug|Any CPU.Build.0 = Debug|Any CPU
		{713D5D13-437E-48E4-B423-0D9BDFB9AE09}.Release|Any CPU.ActiveCfg = Release|Any CPU
		{713D5D13-437E-48E4-B423-0D9BDFB9AE09}.Release|Any CPU.Build.0 = Release|Any CPU
	EndGlobalSection
	GlobalSection(SolutionProperties) = preSolution
		HideSolutionNode = FALSE
	EndGlobalSection
	GlobalSection(ExtensibilityGlobals) = postSolution
		SolutionGuid = {3539F155-458E-4FD8-B0DA-B4114EF68842}
	EndGlobalSection
EndGlobal
